
Microsoft Visual Studio Solution File, Format Version 12.00
# Visual Studio Version 16
VisualStudioVersion = 16.0.29920.165
MinimumVisualStudioVersion = 10.0.40219.1
Project("{FAE04EC0-301F-11D3-BF4B-00C04F79EFBC}") = "QuanLiAnhVienAoCuoi", "QuanLiAnhVienAoCuoi.csproj", "{A6E166BF-17B9-4B14-8A4C-71D2862B3D51}"
EndProject
Global
	GlobalSection(SolutionConfigurationPlatforms) = preSolution
		Debug|Any CPU = Debug|Any CPU
		Release|Any CPU = Release|Any CPU
	EndGlobalSection
	GlobalSection(ProjectConfigurationPlatforms) = postSolution
		{A6E166BF-17B9-4B14-8A4C-71D2862B3D51}.Debug|Any CPU.ActiveCfg = Debug|Any CPU
		{A6E166BF-17B9-4B14-8A4C-71D2862B3D51}.Debug|Any CPU.Build.0 = Debug|Any CPU
		{A6E166BF-17B9-4B14-8A4C-71D2862B3D51}.Release|Any CPU.ActiveCfg = Release|Any CPU
		{A6E166BF-17B9-4B14-8A4C-71D2862B3D51}.Release|Any CPU.Build.0 = Release|Any CPU
	EndGlobalSection
	GlobalSection(SolutionProperties) = preSolution
		HideSolutionNode = FALSE
	EndGlobalSection
	GlobalSection(ExtensibilityGlobals) = postSolution
		SolutionGuid = {001F8DE9-9B0D-4CC0-9AB6-673277AD2521}
	EndGlobalSection
EndGlobal
